// !$*UTF8*$!
{
	archiveVersion = 1;
	classes = {
	};
	objectVersion = 56;
	objects = {

/* Begin PBXBuildFile section */
		F70416022A15444000735334 /* BookwormApp.swift in Sources */ = {isa = PBXBuildFile; fileRef = F70416012A15444000735334 /* BookwormApp.swift */; };
		F70416042A15444000735334 /* ContentView.swift in Sources */ = {isa = PBXBuildFile; fileRef = F70416032A15444000735334 /* ContentView.swift */; };
		F70416062A15444100735334 /* Assets.xcassets in Resources */ = {isa = PBXBuildFile; fileRef = F70416052A15444100735334 /* Assets.xcassets */; };
		F70416092A15444100735334 /* Preview Assets.xcassets in Resources */ = {isa = PBXBuildFile; fileRef = F70416082A15444100735334 /* Preview Assets.xcassets */; };
		F7314FCF2A15B701003B5890 /* AddBookView.swift in Sources */ = {isa = PBXBuildFile; fileRef = F7314FCE2A15B701003B5890 /* AddBookView.swift */; };
		F735A55D2A15BF7D00D5F29D /* RatingView.swift in Sources */ = {isa = PBXBuildFile; fileRef = F735A55C2A15BF7D00D5F29D /* RatingView.swift */; };
		F735A55F2A15C1C200D5F29D /* EmojiRatingView.swift in Sources */ = {isa = PBXBuildFile; fileRef = F735A55E2A15C1C200D5F29D /* EmojiRatingView.swift */; };
		F7BA24A52A1547E700B0B29B /* PushButton.swift in Sources */ = {isa = PBXBuildFile; fileRef = F7BA24A42A1547E700B0B29B /* PushButton.swift */; };
		F7BA24A82A1548FF00B0B29B /* Bookworm.xcdatamodeld in Sources */ = {isa = PBXBuildFile; fileRef = F7BA24A62A1548FF00B0B29B /* Bookworm.xcdatamodeld */; };
		F7BA24AA2A15495000B0B29B /* DataController.swift in Sources */ = {isa = PBXBuildFile; fileRef = F7BA24A92A15495000B0B29B /* DataController.swift */; };
/* End PBXBuildFile section */

/* Begin PBXFileReference section */
		F70415FE2A15444000735334 /* BookwormReal.app */ = {isa = PBXFileReference; explicitFileType = wrapper.application; includeInIndex = 0; path = BookwormReal.app; sourceTree = BUILT_PRODUCTS_DIR; };
		F70416012A15444000735334 /* BookwormApp.swift */ = {isa = PBXFileReference; lastKnownFileType = sourcecode.swift; path = BookwormApp.swift; sourceTree = "<group>"; };
		F70416032A15444000735334 /* ContentView.swift */ = {isa = PBXFileReference; lastKnownFileType = sourcecode.swift; path = ContentView.swift; sourceTree = "<group>"; };
		F70416052A15444100735334 /* Assets.xcassets */ = {isa = PBXFileReference; lastKnownFileType = folder.assetcatalog; path = Assets.xcassets; sourceTree = "<group>"; };
		F70416082A15444100735334 /* Preview Assets.xcassets */ = {isa = PBXFileReference; lastKnownFileType = folder.assetcatalog; path = "Preview Assets.xcassets"; sourceTree = "<group>"; };
		F7314FCE2A15B701003B5890 /* AddBookView.swift */ = {isa = PBXFileReference; lastKnownFileType = sourcecode.swift; path = AddBookView.swift; sourceTree = "<group>"; };
		F735A55C2A15BF7D00D5F29D /* RatingView.swift */ = {isa = PBXFileReference; lastKnownFileType = sourcecode.swift; path = RatingView.swift; sourceTree = "<group>"; };
		F735A55E2A15C1C200D5F29D /* EmojiRatingView.swift */ = {isa = PBXFileReference; lastKnownFileType = sourcecode.swift; path = EmojiRatingView.swift; sourceTree = "<group>"; };
		F7BA24A42A1547E700B0B29B /* PushButton.swift */ = {isa = PBXFileReference; lastKnownFileType = sourcecode.swift; path = PushButton.swift; sourceTree = "<group>"; };
		F7BA24A72A1548FF00B0B29B /* Bookworm.xcdatamodel */ = {isa = PBXFileReference; lastKnownFileType = wrapper.xcdatamodel; path = Bookworm.xcdatamodel; sourceTree = "<group>"; };
		F7BA24A92A15495000B0B29B /* DataController.swift */ = {isa = PBXFileReference; lastKnownFileType = sourcecode.swift; path = DataController.swift; sourceTree = "<group>"; };
/* End PBXFileReference section */

/* Begin PBXFrameworksBuildPhase section */
		F70415FB2A15444000735334 /* Frameworks */ = {
			isa = PBXFrameworksBuildPhase;
			buildActionMask = 2147483647;
			files = (
			);
			runOnlyForDeploymentPostprocessing = 0;
		};
/* End PBXFrameworksBuildPhase section */

/* Begin PBXGroup section */
		F70415F52A15444000735334 = {
			isa = PBXGroup;
			children = (
				F70416002A15444000735334 /* BookwormReal */,
				F70415FF2A15444000735334 /* Products */,
			);
			sourceTree = "<group>";
		};
		F70415FF2A15444000735334 /* Products */ = {
			isa = PBXGroup;
			children = (
				F70415FE2A15444000735334 /* BookwormReal.app */,
			);
			name = Products;
			sourceTree = "<group>";
		};
		F70416002A15444000735334 /* BookwormReal */ = {
			isa = PBXGroup;
			children = (
				F70416012A15444000735334 /* BookwormApp.swift */,
				F70416032A15444000735334 /* ContentView.swift */,
				F735A55E2A15C1C200D5F29D /* EmojiRatingView.swift */,
				F7BA24A42A1547E700B0B29B /* PushButton.swift */,
				F7BA24A62A1548FF00B0B29B /* Bookworm.xcdatamodeld */,
				F7314FCE2A15B701003B5890 /* AddBookView.swift */,
				F735A55C2A15BF7D00D5F29D /* RatingView.swift */,
				F7BA24A92A15495000B0B29B /* DataController.swift */,
				F70416052A15444100735334 /* Assets.xcassets */,
				F70416072A15444100735334 /* Preview Content */,
			);
			path = BookwormReal;
			sourceTree = "<group>";
		};
		F70416072A15444100735334 /* Preview Content */ = {
			isa = PBXGroup;
			children = (
				F70416082A15444100735334 /* Preview Assets.xcassets */,
			);
			path = "Preview Content";
			sourceTree = "<group>";
		};
/* End PBXGroup section */

/* Begin PBXNativeTarget section */
		F70415FD2A15444000735334 /* BookwormReal */ = {
			isa = PBXNativeTarget;
			buildConfigurationList = F704160C2A15444100735334 /* Build configuration list for PBXNativeTarget "BookwormReal" */;
			buildPhases = (
				F70415FA2A15444000735334 /* Sources */,
				F70415FB2A15444000735334 /* Frameworks */,
				F70415FC2A15444000735334 /* Resources */,
			);
			buildRules = (
			);
			dependencies = (
			);
			name = BookwormReal;
			productName = Bookworm;
			productReference = F70415FE2A15444000735334 /* BookwormReal.app */;
			productType = "com.apple.product-type.application";
		};
/* End PBXNativeTarget section */

/* Begin PBXProject section */
		F70415F62A15444000735334 /* Project object */ = {
			isa = PBXProject;
			attributes = {
				BuildIndependentTargetsInParallel = 1;
				LastSwiftUpdateCheck = 1420;
				LastUpgradeCheck = 1420;
				TargetAttributes = {
					F70415FD2A15444000735334 = {
						CreatedOnToolsVersion = 14.2;
					};
				};
			};
			buildConfigurationList = F70415F92A15444000735334 /* Build configuration list for PBXProject "BookwormReal" */;
			compatibilityVersion = "Xcode 14.0";
			developmentRegion = en;
			hasScannedForEncodings = 0;
			knownRegions = (
				en,
				Base,
			);
			mainGroup = F70415F52A15444000735334;
			productRefGroup = F70415FF2A15444000735334 /* Products */;
			projectDirPath = "";
			projectRoot = "";
			targets = (
				F70415FD2A15444000735334 /* BookwormReal */,
			);
		};
/* End PBXProject section */

/* Begin PBXResourcesBuildPhase section */
		F70415FC2A15444000735334 /* Resources */ = {
			isa = PBXResourcesBuildPhase;
			buildActionMask = 2147483647;
			files = (
				F70416092A15444100735334 /* Preview Assets.xcassets in Resources */,
				F70416062A15444100735334 /* Assets.xcassets in Resources */,
			);
			runOnlyForDeploymentPostprocessing = 0;
		};
/* End PBXResourcesBuildPhase section */

/* Begin PBXSourcesBuildPhase section */
		F70415FA2A15444000735334 /* Sources */ = {
			isa = PBXSourcesBuildPhase;
			buildActionMask = 2147483647;
			files = (
				F7BA24AA2A15495000B0B29B /* DataController.swift in Sources */,
				F7314FCF2A15B701003B5890 /* AddBookView.swift in Sources */,
				F70416042A15444000735334 /* ContentView.swift in Sources */,
				F7BA24A82A1548FF00B0B29B /* Bookworm.xcdatamodeld in Sources */,
				F735A55F2A15C1C200D5F29D /* EmojiRatingView.swift in Sources */,
				F70416022A15444000735334 /* BookwormApp.swift in Sources */,
				F7BA24A52A1547E700B0B29B /* PushButton.swift in Sources */,
				F735A55D2A15BF7D00D5F29D /* RatingView.swift in Sources */,
			);
			runOnlyForDeploymentPostprocessing = 0;
		};
/* End PBXSourcesBuildPhase section */

/* Begin XCBuildConfiguration section */
		F704160A2A15444100735334 /* Debug */ = {
			isa = XCBuildConfiguration;
			buildSettings = {
				ALWAYS_SEARCH_USER_PATHS = NO;
				CLANG_ANALYZER_NONNULL = YES;
				CLANG_ANALYZER_NUMBER_OBJECT_CONVERSION = YES_AGGRESSIVE;
				CLANG_CXX_LANGUAGE_STANDARD = "gnu++20";
				CLANG_ENABLE_MODULES = YES;
				CLANG_ENABLE_OBJC_ARC = YES;
				CLANG_ENABLE_OBJC_WEAK = YES;
				CLANG_WARN_BLOCK_CAPTURE_AUTORELEASING = YES;
				CLANG_WARN_BOOL_CONVERSION = YES;
				CLANG_WARN_COMMA = YES;
				CLANG_WARN_CONSTANT_CONVERSION = YES;
				CLANG_WARN_DEPRECATED_OBJC_IMPLEMENTATIONS = YES;
				CLANG_WARN_DIRECT_OBJC_ISA_USAGE = YES_ERROR;
				CLANG_WARN_DOCUMENTATION_COMMENTS = YES;
				CLANG_WARN_EMPTY_BODY = YES;
				CLANG_WARN_ENUM_CONVERSION = YES;
				CLANG_WARN_INFINITE_RECURSION = YES;
				CLANG_WARN_INT_CONVERSION = YES;
				CLANG_WARN_NON_LITERAL_NULL_CONVERSION = YES;
				CLANG_WARN_OBJC_IMPLICIT_RETAIN_SELF = YES;
				CLANG_WARN_OBJC_LITERAL_CONVERSION = YES;
				CLANG_WARN_OBJC_ROOT_CLASS = YES_ERROR;
				CLANG_WARN_QUOTED_INCLUDE_IN_FRAMEWORK_HEADER = YES;
				CLANG_WARN_RANGE_LOOP_ANALYSIS = YES;
				CLANG_WARN_STRICT_PROTOTYPES = YES;
				CLANG_WARN_SUSPICIOUS_MOVE = YES;
				CLANG_WARN_UNGUARDED_AVAILABILITY = YES_AGGRESSIVE;
				CLANG_WARN_UNREACHABLE_CODE = YES;
				CLANG_WARN__DUPLICATE_METHOD_MATCH = YES;
				COPY_PHASE_STRIP = NO;
				DEBUG_INFORMATION_FORMAT = dwarf;
				ENABLE_STRICT_OBJC_MSGSEND = YES;
				ENABLE_TESTABILITY = YES;
				GCC_C_LANGUAGE_STANDARD = gnu11;
				GCC_DYNAMIC_NO_PIC = NO;
				GCC_NO_COMMON_BLOCKS = YES;
				GCC_OPTIMIZATION_LEVEL = 0;
				GCC_PREPROCESSOR_DEFINITIONS = (
					"DEBUG=1",
					"$(inherited)",
				);
				GCC_WARN_64_TO_32_BIT_CONVERSION = YES;
				GCC_WARN_ABOUT_RETURN_TYPE = YES_ERROR;
				GCC_WARN_UNDECLARED_SELECTOR = YES;
				GCC_WARN_UNINITIALIZED_AUTOS = YES_AGGRESSIVE;
				GCC_WARN_UNUSED_FUNCTION = YES;
				GCC_WARN_UNUSED_VARIABLE = YES;
				IPHONEOS_DEPLOYMENT_TARGET = 16.2;
				MTL_ENABLE_DEBUG_INFO = INCLUDE_SOURCE;
				MTL_FAST_MATH = YES;
				ONLY_ACTIVE_ARCH = YES;
				SDKROOT = iphoneos;
				SWIFT_ACTIVE_COMPILATION_CONDITIONS = DEBUG;
				SWIFT_OPTIMIZATION_LEVEL = "-Onone";
			};
			name = Debug;
		};
		F704160B2A15444100735334 /* Release */ = {
			isa = XCBuildConfiguration;
			buildSettings = {
				ALWAYS_SEARCH_USER_PATHS = NO;
				CLANG_ANALYZER_NONNULL = YES;
				CLANG_ANALYZER_NUMBER_OBJECT_CONVERSION = YES_AGGRESSIVE;
				CLANG_CXX_LANGUAGE_STANDARD = "gnu++20";
				CLANG_ENABLE_MODULES = YES;
				CLANG_ENABLE_OBJC_ARC = YES;
				CLANG_ENABLE_OBJC_WEAK = YES;
				CLANG_WARN_BLOCK_CAPTURE_AUTORELEASING = YES;
				CLANG_WARN_BOOL_CONVERSION = YES;
				CLANG_WARN_COMMA = YES;
				CLANG_WARN_CONSTANT_CONVERSION = YES;
				CLANG_WARN_DEPRECATED_OBJC_IMPLEMENTATIONS = YES;
				CLANG_WARN_DIRECT_OBJC_ISA_USAGE = YES_ERROR;
				CLANG_WARN_DOCUMENTATION_COMMENTS = YES;
				CLANG_WARN_EMPTY_BODY = YES;
				CLANG_WARN_ENUM_CONVERSION = YES;
				CLANG_WARN_INFINITE_RECURSION = YES;
				CLANG_WARN_INT_CONVERSION = YES;
				CLANG_WARN_NON_LITERAL_NULL_CONVERSION = YES;
				CLANG_WARN_OBJC_IMPLICIT_RETAIN_SELF = YES;
				CLANG_WARN_OBJC_LITERAL_CONVERSION = YES;
				CLANG_WARN_OBJC_ROOT_CLASS = YES_ERROR;
				CLANG_WARN_QUOTED_INCLUDE_IN_FRAMEWORK_HEADER = YES;
				CLANG_WARN_RANGE_LOOP_ANALYSIS = YES;
				CLANG_WARN_STRICT_PROTOTYPES = YES;
				CLANG_WARN_SUSPICIOUS_MOVE = YES;
				CLANG_WARN_UNGUARDED_AVAILABILITY = YES_AGGRESSIVE;
				CLANG_WARN_UNREACHABLE_CODE = YES;
				CLANG_WARN__DUPLICATE_METHOD_MATCH = YES;
				COPY_PHASE_STRIP = NO;
				DEBUG_INFORMATION_FORMAT = "dwarf-with-dsym";
				ENABLE_NS_ASSERTIONS = NO;
				ENABLE_STRICT_OBJC_MSGSEND = YES;
				GCC_C_LANGUAGE_STANDARD = gnu11;
				GCC_NO_COMMON_BLOCKS = YES;
				GCC_WARN_64_TO_32_BIT_CONVERSION = YES;
				GCC_WARN_ABOUT_RETURN_TYPE = YES_ERROR;
				GCC_WARN_UNDECLARED_SELECTOR = YES;
				GCC_WARN_UNINITIALIZED_AUTOS = YES_AGGRESSIVE;
				GCC_WARN_UNUSED_FUNCTION = YES;
				GCC_WARN_UNUSED_VARIABLE = YES;
				IPHONEOS_DEPLOYMENT_TARGET = 16.2;
				MTL_ENABLE_DEBUG_INFO = NO;
				MTL_FAST_MATH = YES;
				SDKROOT = iphoneos;
				SWIFT_COMPILATION_MODE = wholemodule;
				SWIFT_OPTIMIZATION_LEVEL = "-O";
				VALIDATE_PRODUCT = YES;
			};
			name = Release;
		};
		F704160D2A15444100735334 /* Debug */ = {
			isa = XCBuildConfiguration;
			buildSettings = {
				ASSETCATALOG_COMPILER_APPICON_NAME = AppIcon;
				ASSETCATALOG_COMPILER_GLOBAL_ACCENT_COLOR_NAME = AccentColor;
				CODE_SIGN_STYLE = Automatic;
				CURRENT_PROJECT_VERSION = 1;
				DEVELOPMENT_ASSET_PATHS = "\"BookwormReal/Preview Content\"";
				DEVELOPMENT_TEAM = 53V48VAMPV;
				ENABLE_PREVIEWS = YES;
				GENERATE_INFOPLIST_FILE = YES;
				INFOPLIST_KEY_CFBundleDisplayName = Bookworm;
				INFOPLIST_KEY_UIApplicationSceneManifest_Generation = YES;
				INFOPLIST_KEY_UIApplicationSupportsIndirectInputEvents = YES;
				INFOPLIST_KEY_UILaunchScreen_Generation = YES;
				INFOPLIST_KEY_UISupportedInterfaceOrientations_iPad = "UIInterfaceOrientationPortrait UIInterfaceOrientationPortraitUpsideDown UIInterfaceOrientationLandscapeLeft UIInterfaceOrientationLandscapeRight";
				INFOPLIST_KEY_UISupportedInterfaceOrientations_iPhone = "UIInterfaceOrientationPortrait UIInterfaceOrientationLandscapeLeft UIInterfaceOrientationLandscapeRight";
				LD_RUNPATH_SEARCH_PATHS = (
					"$(inherited)",
					"@executable_path/Frameworks",
				);
				MARKETING_VERSION = 1.0;
				PRODUCT_BUNDLE_IDENTIFIER = com.vladimirkratinov.BookwormReal;
				PRODUCT_NAME = "$(TARGET_NAME)";
				SWIFT_EMIT_LOC_STRINGS = YES;
				SWIFT_VERSION = 5.0;
				TARGETED_DEVICE_FAMILY = "1,2";
			};
			name = Debug;
		};
		F704160E2A15444100735334 /* Release */ = {
			isa = XCBuildConfiguration;
			buildSettings = {
				ASSETCATALOG_COMPILER_APPICON_NAME = AppIcon;
				ASSETCATALOG_COMPILER_GLOBAL_ACCENT_COLOR_NAME = AccentColor;
				CODE_SIGN_STYLE = Automatic;
				CURRENT_PROJECT_VERSION = 1;
				DEVELOPMENT_ASSET_PATHS = "\"BookwormReal/Preview Content\"";
				DEVELOPMENT_TEAM = 53V48VAMPV;
				ENABLE_PREVIEWS = YES;
				GENERATE_INFOPLIST_FILE = YES;
				INFOPLIST_KEY_CFBundleDisplayName = Bookworm;
				INFOPLIST_KEY_UIApplicationSceneManifest_Generation = YES;
				INFOPLIST_KEY_UIApplicationSupportsIndirectInputEvents = YES;
				INFOPLIST_KEY_UILaunchScreen_Generation = YES;
				INFOPLIST_KEY_UISupportedInterfaceOrientations_iPad = "UIInterfaceOrientationPortrait UIInterfaceOrientationPortraitUpsideDown UIInterfaceOrientationLandscapeLeft UIInterfaceOrientationLandscapeRight";
				INFOPLIST_KEY_UISupportedInterfaceOrientations_iPhone = "UIInterfaceOrientationPortrait UIInterfaceOrientationLandscapeLeft UIInterfaceOrientationLandscapeRight";
				LD_RUNPATH_SEARCH_PATHS = (
					"$(inherited)",
					"@executable_path/Frameworks",
				);
				MARKETING_VERSION = 1.0;
				PRODUCT_BUNDLE_IDENTIFIER = com.vladimirkratinov.BookwormReal;
				PRODUCT_NAME = "$(TARGET_NAME)";
				SWIFT_EMIT_LOC_STRINGS = YES;
				SWIFT_VERSION = 5.0;
				TARGETED_DEVICE_FAMILY = "1,2";
			};
			name = Release;
		};
/* End XCBuildConfiguration section */

/* Begin XCConfigurationList section */
		F70415F92A15444000735334 /* Build configuration list for PBXProject "BookwormReal" */ = {
			isa = XCConfigurationList;
			buildConfigurations = (
				F704160A2A15444100735334 /* Debug */,
				F704160B2A15444100735334 /* Release */,
			);
			defaultConfigurationIsVisible = 0;
			defaultConfigurationName = Release;
		};
		F704160C2A15444100735334 /* Build configuration list for PBXNativeTarget "BookwormReal" */ = {
			isa = XCConfigurationList;
			buildConfigurations = (
				F704160D2A15444100735334 /* Debug */,
				F704160E2A15444100735334 /* Release */,
			);
			defaultConfigurationIsVisible = 0;
			defaultConfigurationName = Release;
		};
/* End XCConfigurationList section */

/* Begin XCVersionGroup section */
		F7BA24A62A1548FF00B0B29B /* Bookworm.xcdatamodeld */ = {
			isa = XCVersionGroup;
			children = (
				F7BA24A72A1548FF00B0B29B /* Bookworm.xcdatamodel */,
			);
			currentVersion = F7BA24A72A1548FF00B0B29B /* Bookworm.xcdatamodel */;
			path = Bookworm.xcdatamodeld;
			sourceTree = "<group>";
			versionGroupType = wrapper.xcdatamodel;
		};
/* End XCVersionGroup section */
	};
	rootObject = F70415F62A15444000735334 /* Project object */;
}
